
Microsoft Visual Studio Solution File, Format Version 12.00
# Visual Studio Version 16
VisualStudioVersion = 16.0.30517.126
MinimumVisualStudioVersion = 10.0.40219.1
Project("{9A19103F-16F7-4668-BE54-9A1E7A4F7556}") = "QPH.Eval.Ej1.Repository", "QPH.Eval.Ej1.Repository\QPH.Eval.Ej1.Repository.csproj", "{D8D6B7AB-3F1C-413D-A72D-D7AED8936DBA}"
EndProject
Project("{9A19103F-16F7-4668-BE54-9A1E7A4F7556}") = "QPH.Eval.Ej1.Business", "QPH.Eval.Ej1.Business\QPH.Eval.Ej1.Business.csproj", "{A16780E7-E31B-4F8D-83B9-3E3EB09CAF9E}"
EndProject
Project("{9A19103F-16F7-4668-BE54-9A1E7A4F7556}") = "QPH.Eval.Ej1.Core", "QPH.Eval.Ej1.Core\QPH.Eval.Ej1.Core.csproj", "{6DC37E7B-DA75-4210-BEF9-06836A38AADE}"
EndProject
Project("{FAE04EC0-301F-11D3-BF4B-00C04F79EFBC}") = "QPH.Eval.Ej1.WebApp", "QPH.Eval.Ej1.WebApp\QPH.Eval.Ej1.WebApp.csproj", "{09E1D132-9D59-4867-AB11-14DAC0A59946}"
EndProject
Project("{FAE04EC0-301F-11D3-BF4B-00C04F79EFBC}") = "QPH.Eval.Ej1. REST", "QPH.Eval.Ej1. REST\QPH.Eval.Ej1. REST.csproj", "{FA97E671-F234-4348-8065-32E8B9DF7773}"
EndProject
Project("{2150E333-8FDC-42A3-9474-1A3956D46DE8}") = "Web", "Web", "{ADF504BF-5049-4016-8D27-E7B0903C4DE4}"
EndProject
Project("{2150E333-8FDC-42A3-9474-1A3956D46DE8}") = "Core", "Core", "{5DEF92A9-2143-4423-BA4B-14A29B50CB1C}"
EndProject
Project("{2150E333-8FDC-42A3-9474-1A3956D46DE8}") = "Tests", "Tests", "{225762B8-0781-453D-AE08-80975D13D577}"
EndProject
Project("{FAE04EC0-301F-11D3-BF4B-00C04F79EFBC}") = "QOPH.Eval.Ej1.Tests", "QOPH.Eval.Ej1.Tests\QOPH.Eval.Ej1.Tests.csproj", "{3691E7B3-631E-457E-91FB-509D2C97630C}"
EndProject
Global
	GlobalSection(SolutionConfigurationPlatforms) = preSolution
		Debug|Any CPU = Debug|Any CPU
		Release|Any CPU = Release|Any CPU
	EndGlobalSection
	GlobalSection(ProjectConfigurationPlatforms) = postSolution
		{D8D6B7AB-3F1C-413D-A72D-D7AED8936DBA}.Debug|Any CPU.ActiveCfg = Debug|Any CPU
		{D8D6B7AB-3F1C-413D-A72D-D7AED8936DBA}.Debug|Any CPU.Build.0 = Debug|Any CPU
		{D8D6B7AB-3F1C-413D-A72D-D7AED8936DBA}.Release|Any CPU.ActiveCfg = Release|Any CPU
		{D8D6B7AB-3F1C-413D-A72D-D7AED8936DBA}.Release|Any CPU.Build.0 = Release|Any CPU
		{A16780E7-E31B-4F8D-83B9-3E3EB09CAF9E}.Debug|Any CPU.ActiveCfg = Debug|Any CPU
		{A16780E7-E31B-4F8D-83B9-3E3EB09CAF9E}.Debug|Any CPU.Build.0 = Debug|Any CPU
		{A16780E7-E31B-4F8D-83B9-3E3EB09CAF9E}.Release|Any CPU.ActiveCfg = Release|Any CPU
		{A16780E7-E31B-4F8D-83B9-3E3EB09CAF9E}.Release|Any CPU.Build.0 = Release|Any CPU
		{6DC37E7B-DA75-4210-BEF9-06836A38AADE}.Debug|Any CPU.ActiveCfg = Debug|Any CPU
		{6DC37E7B-DA75-4210-BEF9-06836A38AADE}.Debug|Any CPU.Build.0 = Debug|Any CPU
		{6DC37E7B-DA75-4210-BEF9-06836A38AADE}.Release|Any CPU.ActiveCfg = Release|Any CPU
		{6DC37E7B-DA75-4210-BEF9-06836A38AADE}.Release|Any CPU.Build.0 = Release|Any CPU
		{09E1D132-9D59-4867-AB11-14DAC0A59946}.Debug|Any CPU.ActiveCfg = Debug|Any CPU
		{09E1D132-9D59-4867-AB11-14DAC0A59946}.Debug|Any CPU.Build.0 = Debug|Any CPU
		{09E1D132-9D59-4867-AB11-14DAC0A59946}.Release|Any CPU.ActiveCfg = Release|Any CPU
		{09E1D132-9D59-4867-AB11-14DAC0A59946}.Release|Any CPU.Build.0 = Release|Any CPU
		{FA97E671-F234-4348-8065-32E8B9DF7773}.Debug|Any CPU.ActiveCfg = Debug|Any CPU
		{FA97E671-F234-4348-8065-32E8B9DF7773}.Debug|Any CPU.Build.0 = Debug|Any CPU
		{FA97E671-F234-4348-8065-32E8B9DF7773}.Release|Any CPU.ActiveCfg = Release|Any CPU
		{FA97E671-F234-4348-8065-32E8B9DF7773}.Release|Any CPU.Build.0 = Release|Any CPU
		{3691E7B3-631E-457E-91FB-509D2C97630C}.Debug|Any CPU.ActiveCfg = Debug|Any CPU
		{3691E7B3-631E-457E-91FB-509D2C97630C}.Debug|Any CPU.Build.0 = Debug|Any CPU
		{3691E7B3-631E-457E-91FB-509D2C97630C}.Release|Any CPU.ActiveCfg = Release|Any CPU
		{3691E7B3-631E-457E-91FB-509D2C97630C}.Release|Any CPU.Build.0 = Release|Any CPU
	EndGlobalSection
	GlobalSection(SolutionProperties) = preSolution
		HideSolutionNode = FALSE
	EndGlobalSection
	GlobalSection(NestedProjects) = preSolution
		{D8D6B7AB-3F1C-413D-A72D-D7AED8936DBA} = {5DEF92A9-2143-4423-BA4B-14A29B50CB1C}
		{A16780E7-E31B-4F8D-83B9-3E3EB09CAF9E} = {5DEF92A9-2143-4423-BA4B-14A29B50CB1C}
		{6DC37E7B-DA75-4210-BEF9-06836A38AADE} = {5DEF92A9-2143-4423-BA4B-14A29B50CB1C}
		{09E1D132-9D59-4867-AB11-14DAC0A59946} = {ADF504BF-5049-4016-8D27-E7B0903C4DE4}
		{FA97E671-F234-4348-8065-32E8B9DF7773} = {ADF504BF-5049-4016-8D27-E7B0903C4DE4}
		{3691E7B3-631E-457E-91FB-509D2C97630C} = {225762B8-0781-453D-AE08-80975D13D577}
	EndGlobalSection
	GlobalSection(ExtensibilityGlobals) = postSolution
		SolutionGuid = {0A3F35C5-A542-4443-A14D-C4783953C282}
	EndGlobalSection
EndGlobal
